
Microsoft Visual Studio Solution File, Format Version 11.00
# Visual Studio 2010
Project("{FAE04EC0-301F-11D3-BF4B-00C04F79EFBC}") = "Problem20", "Problem20\Problem20.csproj", "{437933E2-B676-4D4C-90B3-DF26382342BC}"
EndProject
Global
	GlobalSection(SolutionConfigurationPlatforms) = preSolution
		Debug|x86 = Debug|x86
		Release|x86 = Release|x86
	EndGlobalSection
	GlobalSection(ProjectConfigurationPlatforms) = postSolution
		{437933E2-B676-4D4C-90B3-DF26382342BC}.Debug|x86.ActiveCfg = Debug|x86
		{437933E2-B676-4D4C-90B3-DF26382342BC}.Debug|x86.Build.0 = Debug|x86
		{437933E2-B676-4D4C-90B3-DF26382342BC}.Release|x86.ActiveCfg = Release|x86
		{437933E2-B676-4D4C-90B3-DF26382342BC}.Release|x86.Build.0 = Release|x86
	EndGlobalSection
	GlobalSection(MonoDevelopProperties) = preSolution
		StartupItem = Problem20\Problem20.csproj
	EndGlobalSection
EndGlobal
